
Microsoft Visual Studio Solution File, Format Version 12.00
# Visual Studio Version 17
VisualStudioVersion = 17.4.33213.308
MinimumVisualStudioVersion = 10.0.40219.1
Project("{FAE04EC0-301F-11D3-BF4B-00C04F79EFBC}") = "CustomValidator", "CustomValidator.csproj", "{CFD30C8A-21B4-4EAD-9DD3-F060E8EF8E33}"
EndProject
Global
	GlobalSection(SolutionConfigurationPlatforms) = preSolution
		Debug|Any CPU = Debug|Any CPU
		Release|Any CPU = Release|Any CPU
	EndGlobalSection
	GlobalSection(ProjectConfigurationPlatforms) = postSolution
		{CFD30C8A-21B4-4EAD-9DD3-F060E8EF8E33}.Debug|Any CPU.ActiveCfg = Debug|Any CPU
		{CFD30C8A-21B4-4EAD-9DD3-F060E8EF8E33}.Debug|Any CPU.Build.0 = Debug|Any CPU
		{CFD30C8A-21B4-4EAD-9DD3-F060E8EF8E33}.Release|Any CPU.ActiveCfg = Release|Any CPU
		{CFD30C8A-21B4-4EAD-9DD3-F060E8EF8E33}.Release|Any CPU.Build.0 = Release|Any CPU
	EndGlobalSection
	GlobalSection(SolutionProperties) = preSolution
		HideSolutionNode = FALSE
	EndGlobalSection
	GlobalSection(ExtensibilityGlobals) = postSolution
		SolutionGuid = {641D1AFD-C81D-465D-B854-1C7C5C3683C3}
	EndGlobalSection
EndGlobal
